// !$*UTF8*$!
{
	archiveVersion = 1;
	classes = {
	};
	objectVersion = 56;
	objects = {

/* Begin PBXBuildFile section */
		8C9877607A164DA1878BD1E0 /* MacLLMApp.swift in Sources */ = {isa = PBXBuildFile; fileRef = 5FA2AA3EDDBC4A69BAB4397E /* MacLLMApp.swift */; };
		A7A99EE3375642C29F2F7169 /* AppModel.swift in Sources */ = {isa = PBXBuildFile; fileRef = B2B6C85AC7F348ACA7051F08 /* AppModel.swift */; };
		7477E9263C9D4EFFAF3D5379 /* Models.swift in Sources */ = {isa = PBXBuildFile; fileRef = 1D9A0E41EC5A4EF6830D9A55 /* Models.swift */; };
		27144811DF334E888C1C6864 /* ModelStore.swift in Sources */ = {isa = PBXBuildFile; fileRef = 3B57EB6EEC5C4EFBB3148579 /* ModelStore.swift */; };
		A55925E1D00840FC9AE76982 /* ModelCatalogService.swift in Sources */ = {isa = PBXBuildFile; fileRef = 49EDC44D897840FCA34CF077 /* ModelCatalogService.swift */; };
		B0FAAF2B786F41998A557D26 /* HuggingFaceDownloadService.swift in Sources */ = {isa = PBXBuildFile; fileRef = 5C79C027C8F945B68EFD2EE5 /* HuggingFaceDownloadService.swift */; };
		5B013AF847A74C55BDDEF0B1 /* ChatHistoryStore.swift in Sources */ = {isa = PBXBuildFile; fileRef = 4B6AF55EA66A4A57B0987B4A /* ChatHistoryStore.swift */; };
		B584254782B749B2AA80FC5C /* InferenceService.swift in Sources */ = {isa = PBXBuildFile; fileRef = 94F578965FD84468AB9FFFA1 /* InferenceService.swift */; };
		584CCF82FAD9499B9AB78BC4 /* LibLlama.swift in Sources */ = {isa = PBXBuildFile; fileRef = 48D4F087A2904502B6D90DDD /* LibLlama.swift */; };
		CAC82B8F333940BAB0F94D66 /* MainView.swift in Sources */ = {isa = PBXBuildFile; fileRef = F6EA3ED40D354558828675CA /* MainView.swift */; };
		920B93F6A256415696E260F0 /* ChatView.swift in Sources */ = {isa = PBXBuildFile; fileRef = C6EE33B8302F4829B0EAF21B /* ChatView.swift */; };
		AA9CC89DEA444D6D878373FD /* MessageRow.swift in Sources */ = {isa = PBXBuildFile; fileRef = 26E197A521E04FDCB984D2A5 /* MessageRow.swift */; };
		70296BC32ACD40738D0B1DBE /* ModelCatalogView.swift in Sources */ = {isa = PBXBuildFile; fileRef = AACB29FA351A44DBAA4F8267 /* ModelCatalogView.swift */; };
		F979AFD4870D4EE784D26E16 /* SettingsView.swift in Sources */ = {isa = PBXBuildFile; fileRef = B42B02504AC946618F8EBEA9 /* SettingsView.swift */; };
		4CBB96E3F1C24F3DB938F6C0 /* Assets.xcassets in Resources */ = {isa = PBXBuildFile; fileRef = B6A8A8E6D2CB4201BA2B0C42 /* Assets.xcassets */; };
		A35BD46BDFA04A7B83EF69D3 /* default-catalog.json in Resources */ = {isa = PBXBuildFile; fileRef = 248EA9E9614E4BA582E01D45 /* default-catalog.json */; };
		3C5FA9F14C93439C839AAFC9 /* llama.xcframework in Frameworks */ = {isa = PBXBuildFile; fileRef = 1D0547976CFE41A19D1DD1D7 /* llama.xcframework */; };
		6B3A4DF1B5AE471988DFBDBA /* llama.xcframework in Embed Frameworks */ = {isa = PBXBuildFile; fileRef = 1D0547976CFE41A19D1DD1D7 /* llama.xcframework */; settings = {ATTRIBUTES = (CodeSignOnCopy, RemoveHeadersOnCopy, ); }; };
		2C400B58FF044778A174A11D /* Metal.framework in Frameworks */ = {isa = PBXBuildFile; fileRef = 0508C1F12F974203A20086B8 /* Metal.framework */; };
		976EBD91711548C7AFC11E33 /* Accelerate.framework in Frameworks */ = {isa = PBXBuildFile; fileRef = 0506A7FA63EA466F91253CB0 /* Accelerate.framework */; };
/* End PBXBuildFile section */

/* Begin PBXCopyFilesBuildPhase section */
		B12A4887512D49B2B8BB9D65 /* Embed Frameworks */ = {
			isa = PBXCopyFilesBuildPhase;
			buildActionMask = 2147483647;
			dstPath = "";
			dstSubfolderSpec = 10;
			files = (
				6B3A4DF1B5AE471988DFBDBA /* llama.xcframework in Embed Frameworks */,
			);
			name = "Embed Frameworks";
			runOnlyForDeploymentPostprocessing = 0;
		};
/* End PBXCopyFilesBuildPhase section */

/* Begin PBXFileReference section */
		5FA2AA3EDDBC4A69BAB4397E /* MacLLMApp.swift */ = {isa = PBXFileReference; lastKnownFileType = sourcecode.swift; path = MacLLMApp.swift; sourceTree = "<group>"; };
		B2B6C85AC7F348ACA7051F08 /* AppModel.swift */ = {isa = PBXFileReference; lastKnownFileType = sourcecode.swift; path = AppModel.swift; sourceTree = "<group>"; };
		1D9A0E41EC5A4EF6830D9A55 /* Models.swift */ = {isa = PBXFileReference; lastKnownFileType = sourcecode.swift; path = Models.swift; sourceTree = "<group>"; };
		3B57EB6EEC5C4EFBB3148579 /* ModelStore.swift */ = {isa = PBXFileReference; lastKnownFileType = sourcecode.swift; path = ModelStore.swift; sourceTree = "<group>"; };
		49EDC44D897840FCA34CF077 /* ModelCatalogService.swift */ = {isa = PBXFileReference; lastKnownFileType = sourcecode.swift; path = ModelCatalogService.swift; sourceTree = "<group>"; };
		5C79C027C8F945B68EFD2EE5 /* HuggingFaceDownloadService.swift */ = {isa = PBXFileReference; lastKnownFileType = sourcecode.swift; path = HuggingFaceDownloadService.swift; sourceTree = "<group>"; };
		4B6AF55EA66A4A57B0987B4A /* ChatHistoryStore.swift */ = {isa = PBXFileReference; lastKnownFileType = sourcecode.swift; path = ChatHistoryStore.swift; sourceTree = "<group>"; };
		94F578965FD84468AB9FFFA1 /* InferenceService.swift */ = {isa = PBXFileReference; lastKnownFileType = sourcecode.swift; path = InferenceService.swift; sourceTree = "<group>"; };
		48D4F087A2904502B6D90DDD /* LibLlama.swift */ = {isa = PBXFileReference; lastKnownFileType = sourcecode.swift; path = LibLlama.swift; sourceTree = "<group>"; };
		F6EA3ED40D354558828675CA /* MainView.swift */ = {isa = PBXFileReference; lastKnownFileType = sourcecode.swift; path = MainView.swift; sourceTree = "<group>"; };
		C6EE33B8302F4829B0EAF21B /* ChatView.swift */ = {isa = PBXFileReference; lastKnownFileType = sourcecode.swift; path = ChatView.swift; sourceTree = "<group>"; };
		26E197A521E04FDCB984D2A5 /* MessageRow.swift */ = {isa = PBXFileReference; lastKnownFileType = sourcecode.swift; path = MessageRow.swift; sourceTree = "<group>"; };
		AACB29FA351A44DBAA4F8267 /* ModelCatalogView.swift */ = {isa = PBXFileReference; lastKnownFileType = sourcecode.swift; path = ModelCatalogView.swift; sourceTree = "<group>"; };
		B42B02504AC946618F8EBEA9 /* SettingsView.swift */ = {isa = PBXFileReference; lastKnownFileType = sourcecode.swift; path = SettingsView.swift; sourceTree = "<group>"; };
		B6A8A8E6D2CB4201BA2B0C42 /* Assets.xcassets */ = {isa = PBXFileReference; lastKnownFileType = folder.assetcatalog; path = Assets.xcassets; sourceTree = "<group>"; };
		248EA9E9614E4BA582E01D45 /* default-catalog.json */ = {isa = PBXFileReference; lastKnownFileType = text.json; path = "default-catalog.json"; sourceTree = "<group>"; };
		1D0547976CFE41A19D1DD1D7 /* llama.xcframework */ = {isa = PBXFileReference; lastKnownFileType = wrapper.xcframework; name = llama.xcframework; path = Vendor/build-apple/llama.xcframework; sourceTree = SOURCE_ROOT; };
		E8F3A1B2C3D445E6F7A8B9C0 /* MacLLM.app */ = {isa = PBXFileReference; explicitFileType = wrapper.application; includeInIndex = 0; path = MacLLM.app; sourceTree = BUILT_PRODUCTS_DIR; };
		0508C1F12F974203A20086B8 /* Metal.framework */ = {isa = PBXFileReference; lastKnownFileType = wrapper.framework; name = Metal.framework; path = System/Library/Frameworks/Metal.framework; sourceTree = SDKROOT; };
		0506A7FA63EA466F91253CB0 /* Accelerate.framework */ = {isa = PBXFileReference; lastKnownFileType = wrapper.framework; name = Accelerate.framework; path = System/Library/Frameworks/Accelerate.framework; sourceTree = SDKROOT; };
		D1E2F3A4B5C647D8E9F0A1B2 /* MacLLM.entitlements */ = {isa = PBXFileReference; lastKnownFileType = text.plist.entitlements; path = MacLLM.entitlements; sourceTree = "<group>"; };
		C2D3E4F5A6B748C9D0E1F2A3 /* Info.plist */ = {isa = PBXFileReference; lastKnownFileType = text.plist.xml; path = Info.plist; sourceTree = "<group>"; };
/* End PBXFileReference section */

/* Begin PBXFrameworksBuildPhase section */
		F1A2B3C4D5E647F8A9B0C1D2 /* Frameworks */ = {
			isa = PBXFrameworksBuildPhase;
			buildActionMask = 2147483647;
			files = (
				3C5FA9F14C93439C839AAFC9 /* llama.xcframework in Frameworks */,
				2C400B58FF044778A174A11D /* Metal.framework in Frameworks */,
				976EBD91711548C7AFC11E33 /* Accelerate.framework in Frameworks */,
			);
			runOnlyForDeploymentPostprocessing = 0;
		};
/* End PBXFrameworksBuildPhase section */

/* Begin PBXGroup section */
		A1B2C3D4E5F647A8B9C0D1E2 = {
			isa = PBXGroup;
			children = (
				B3C4D5E6F7A848B9C0D1E2F3 /* MacLLM */,
				C4D5E6F7A8B949C0D1E2F3A4 /* Frameworks */,
				D5E6F7A8B9C04AD1E2F3A4B5 /* Products */,
			);
			sourceTree = "<group>";
		};
		B3C4D5E6F7A848B9C0D1E2F3 /* MacLLM */ = {
			isa = PBXGroup;
			children = (
				E6F7A8B9C0D14BE2F3A4B5C6 /* App */,
				F7A8B9C0D1E24CF3A4B5C6D7 /* Core */,
				A8B9C0D1E2F354D4A5B6C7D8 /* Services */,
				B9C0D1E2F3A464E5A6B7C8D9 /* Bridge */,
				C0D1E2F3A4B575F6A7B8C9D0 /* Features */,
				D1E2F3A4B5C68607A8B9C0D1 /* Resources */,
				D1E2F3A4B5C647D8E9F0A1B2 /* MacLLM.entitlements */,
				C2D3E4F5A6B748C9D0E1F2A3 /* Info.plist */,
			);
			path = MacLLM;
			sourceTree = "<group>";
		};
		C4D5E6F7A8B949C0D1E2F3A4 /* Frameworks */ = {
			isa = PBXGroup;
			children = (
				1D0547976CFE41A19D1DD1D7 /* llama.xcframework */,
				0508C1F12F974203A20086B8 /* Metal.framework */,
				0506A7FA63EA466F91253CB0 /* Accelerate.framework */,
			);
			name = Frameworks;
			sourceTree = "<group>";
		};
		D5E6F7A8B9C04AD1E2F3A4B5 /* Products */ = {
			isa = PBXGroup;
			children = (
				E8F3A1B2C3D445E6F7A8B9C0 /* MacLLM.app */,
			);
			name = Products;
			sourceTree = "<group>";
		};
		E6F7A8B9C0D14BE2F3A4B5C6 /* App */ = {
			isa = PBXGroup;
			children = (
				5FA2AA3EDDBC4A69BAB4397E /* MacLLMApp.swift */,
				B2B6C85AC7F348ACA7051F08 /* AppModel.swift */,
			);
			path = App;
			sourceTree = "<group>";
		};
		F7A8B9C0D1E24CF3A4B5C6D7 /* Core */ = {
			isa = PBXGroup;
			children = (
				1D9A0E41EC5A4EF6830D9A55 /* Models.swift */,
			);
			path = Core;
			sourceTree = "<group>";
		};
		A8B9C0D1E2F354D4A5B6C7D8 /* Services */ = {
			isa = PBXGroup;
			children = (
				3B57EB6EEC5C4EFBB3148579 /* ModelStore.swift */,
				49EDC44D897840FCA34CF077 /* ModelCatalogService.swift */,
				5C79C027C8F945B68EFD2EE5 /* HuggingFaceDownloadService.swift */,
				4B6AF55EA66A4A57B0987B4A /* ChatHistoryStore.swift */,
				94F578965FD84468AB9FFFA1 /* InferenceService.swift */,
			);
			path = Services;
			sourceTree = "<group>";
		};
		B9C0D1E2F3A464E5A6B7C8D9 /* Bridge */ = {
			isa = PBXGroup;
			children = (
				48D4F087A2904502B6D90DDD /* LibLlama.swift */,
			);
			path = Bridge;
			sourceTree = "<group>";
		};
		C0D1E2F3A4B575F6A7B8C9D0 /* Features */ = {
			isa = PBXGroup;
			children = (
				E2F3A4B5C6D78798A0B1C2D3 /* Main */,
				F3A4B5C6D7E898A0B1C2D3E4 /* Chat */,
				A4B5C6D7E8F9A0B1C2D3E4F5 /* Models */,
				B5C6D7E8F9A0B1C2D3E4F5A6 /* Settings */,
			);
			path = Features;
			sourceTree = "<group>";
		};
		D1E2F3A4B5C68607A8B9C0D1 /* Resources */ = {
			isa = PBXGroup;
			children = (
				B6A8A8E6D2CB4201BA2B0C42 /* Assets.xcassets */,
				248EA9E9614E4BA582E01D45 /* default-catalog.json */,
			);
			path = Resources;
			sourceTree = "<group>";
		};
		E2F3A4B5C6D78798A0B1C2D3 /* Main */ = {
			isa = PBXGroup;
			children = (
				F6EA3ED40D354558828675CA /* MainView.swift */,
			);
			path = Main;
			sourceTree = "<group>";
		};
		F3A4B5C6D7E898A0B1C2D3E4 /* Chat */ = {
			isa = PBXGroup;
			children = (
				C6EE33B8302F4829B0EAF21B /* ChatView.swift */,
				26E197A521E04FDCB984D2A5 /* MessageRow.swift */,
			);
			path = Chat;
			sourceTree = "<group>";
		};
		A4B5C6D7E8F9A0B1C2D3E4F5 /* Models */ = {
			isa = PBXGroup;
			children = (
				AACB29FA351A44DBAA4F8267 /* ModelCatalogView.swift */,
			);
			path = Models;
			sourceTree = "<group>";
		};
		B5C6D7E8F9A0B1C2D3E4F5A6 /* Settings */ = {
			isa = PBXGroup;
			children = (
				B42B02504AC946618F8EBEA9 /* SettingsView.swift */,
			);
			path = Settings;
			sourceTree = "<group>";
		};
/* End PBXGroup section */

/* Begin PBXNativeTarget section */
		C6D7E8F9A0B1C2D3E4F5A6B7 /* MacLLM */ = {
			isa = PBXNativeTarget;
			buildConfigurationList = D7E8F9A0B1C2D3E4F5A6B7C8 /* Build configuration list for PBXNativeTarget "MacLLM" */;
			buildPhases = (
				E8F9A0B1C2D3E4F5A6B7C8D9 /* Sources */,
				F1A2B3C4D5E647F8A9B0C1D2 /* Frameworks */,
				A9B0C1D2E3F405162738495 /* Resources */,
				B12A4887512D49B2B8BB9D65 /* Embed Frameworks */,
			);
			buildRules = (
			);
			dependencies = (
			);
			name = MacLLM;
			productName = MacLLM;
			productReference = E8F3A1B2C3D445E6F7A8B9C0 /* MacLLM.app */;
			productType = "com.apple.product-type.application";
		};
/* End PBXNativeTarget section */

/* Begin PBXProject section */
		B0C1D2E3F4A5061728394A5 /* Project object */ = {
			isa = PBXProject;
			attributes = {
				BuildIndependentTargetsInParallel = 1;
				LastSwiftUpdateCheck = 1600;
				LastUpgradeCheck = 1600;
			};
			buildConfigurationList = C1D2E3F4A5B60718293A4B5 /* Build configuration list for PBXProject "MacLLM" */;
			compatibilityVersion = "Xcode 14.0";
			developmentRegion = tr;
			hasScannedForEncodings = 0;
			knownRegions = (
				en,
				tr,
				Base,
			);
			mainGroup = A1B2C3D4E5F647A8B9C0D1E2;
			productRefGroup = D5E6F7A8B9C04AD1E2F3A4B5 /* Products */;
			projectDirPath = "";
			projectRoot = "";
			targets = (
				C6D7E8F9A0B1C2D3E4F5A6B7 /* MacLLM */,
			);
		};
/* End PBXProject section */

/* Begin PBXResourcesBuildPhase section */
		A9B0C1D2E3F405162738495 /* Resources */ = {
			isa = PBXResourcesBuildPhase;
			buildActionMask = 2147483647;
			files = (
				4CBB96E3F1C24F3DB938F6C0 /* Assets.xcassets in Resources */,
				A35BD46BDFA04A7B83EF69D3 /* default-catalog.json in Resources */,
			);
			runOnlyForDeploymentPostprocessing = 0;
		};
/* End PBXResourcesBuildPhase section */

/* Begin PBXSourcesBuildPhase section */
		E8F9A0B1C2D3E4F5A6B7C8D9 /* Sources */ = {
			isa = PBXSourcesBuildPhase;
			buildActionMask = 2147483647;
			files = (
				8C9877607A164DA1878BD1E0 /* MacLLMApp.swift in Sources */,
				A7A99EE3375642C29F2F7169 /* AppModel.swift in Sources */,
				7477E9263C9D4EFFAF3D5379 /* Models.swift in Sources */,
				27144811DF334E888C1C6864 /* ModelStore.swift in Sources */,
				A55925E1D00840FC9AE76982 /* ModelCatalogService.swift in Sources */,
				B0FAAF2B786F41998A557D26 /* HuggingFaceDownloadService.swift in Sources */,
				5B013AF847A74C55BDDEF0B1 /* ChatHistoryStore.swift in Sources */,
				B584254782B749B2AA80FC5C /* InferenceService.swift in Sources */,
				584CCF82FAD9499B9AB78BC4 /* LibLlama.swift in Sources */,
				CAC82B8F333940BAB0F94D66 /* MainView.swift in Sources */,
				920B93F6A256415696E260F0 /* ChatView.swift in Sources */,
				AA9CC89DEA444D6D878373FD /* MessageRow.swift in Sources */,
				70296BC32ACD40738D0B1DBE /* ModelCatalogView.swift in Sources */,
				F979AFD4870D4EE784D26E16 /* SettingsView.swift in Sources */,
			);
			runOnlyForDeploymentPostprocessing = 0;
		};
/* End PBXSourcesBuildPhase section */

/* Begin XCBuildConfiguration section */
		E9F0A1B2C3D4E5F6A7B8C9D0 /* Debug */ = {
			isa = XCBuildConfiguration;
			buildSettings = {
				ALWAYS_SEARCH_USER_PATHS = NO;
				CLANG_ENABLE_MODULES = YES;
				CLANG_ENABLE_OBJC_ARC = YES;
				COPY_PHASE_STRIP = NO;
				DEBUG_INFORMATION_FORMAT = dwarf;
				ENABLE_STRICT_OBJC_MSGSEND = YES;
				ENABLE_TESTABILITY = YES;
				GCC_OPTIMIZATION_LEVEL = 0;
				MACOSX_DEPLOYMENT_TARGET = 14.0;
				ONLY_ACTIVE_ARCH = YES;
				SDKROOT = macosx;
				SWIFT_ACTIVE_COMPILATION_CONDITIONS = "DEBUG $(inherited)";
				SWIFT_OPTIMIZATION_LEVEL = "-Onone";
			};
			name = Debug;
		};
		F0A1B2C3D4E5F6A7B8C9D0E1 /* Release */ = {
			isa = XCBuildConfiguration;
			buildSettings = {
				ALWAYS_SEARCH_USER_PATHS = NO;
				CLANG_ENABLE_MODULES = YES;
				CLANG_ENABLE_OBJC_ARC = YES;
				COPY_PHASE_STRIP = NO;
				DEBUG_INFORMATION_FORMAT = "dwarf-with-dsym";
				ENABLE_NS_ASSERTIONS = NO;
				ENABLE_STRICT_OBJC_MSGSEND = YES;
				MACOSX_DEPLOYMENT_TARGET = 14.0;
				SDKROOT = macosx;
				SWIFT_COMPILATION_MODE = wholemodule;
			};
			name = Release;
		};
		A1B2C3D4E5F6A7B8C9D0E1F2 /* Debug */ = {
			isa = XCBuildConfiguration;
			buildSettings = {
				ASSETCATALOG_COMPILER_APPICON_NAME = AppIcon;
				CLANG_ENABLE_MODULES = YES;
				CODE_SIGN_ENTITLEMENTS = MacLLM/MacLLM.entitlements;
				CODE_SIGN_STYLE = Automatic;
				COMBINE_HIDPI_IMAGES = YES;
				CURRENT_PROJECT_VERSION = 1;
				ENABLE_HARDENED_RUNTIME = YES;
				FRAMEWORK_SEARCH_PATHS = (
					"$(inherited)",
					"$(PROJECT_DIR)/Vendor/build-apple",
				);
				GENERATE_INFOPLIST_FILE = NO;
				INFOPLIST_FILE = MacLLM/Info.plist;
				LD_RUNPATH_SEARCH_PATHS = (
					"$(inherited)",
					"@executable_path/../Frameworks",
				);
				MARKETING_VERSION = 1.0.0;
				PRODUCT_BUNDLE_IDENTIFIER = com.macllm.app;
				PRODUCT_NAME = "$(TARGET_NAME)";
				SWIFT_EMIT_LOC_STRINGS = YES;
				SWIFT_VERSION = 5.0;
				ARCHS = arm64;
				EXCLUDED_ARCHS = x86_64;
			};
			name = Debug;
		};
		B2C3D4E5F6A7B8C9D0E1F2A3B4 /* Release */ = {
			isa = XCBuildConfiguration;
			buildSettings = {
				ASSETCATALOG_COMPILER_APPICON_NAME = AppIcon;
				CLANG_ENABLE_MODULES = YES;
				CODE_SIGN_ENTITLEMENTS = MacLLM/MacLLM.entitlements;
				CODE_SIGN_STYLE = Automatic;
				COMBINE_HIDPI_IMAGES = YES;
				CURRENT_PROJECT_VERSION = 1;
				ENABLE_HARDENED_RUNTIME = YES;
				FRAMEWORK_SEARCH_PATHS = (
					"$(inherited)",
					"$(PROJECT_DIR)/Vendor/build-apple",
				);
				GENERATE_INFOPLIST_FILE = NO;
				INFOPLIST_FILE = MacLLM/Info.plist;
				LD_RUNPATH_SEARCH_PATHS = (
					"$(inherited)",
					"@executable_path/../Frameworks",
				);
				MARKETING_VERSION = 1.0.0;
				PRODUCT_BUNDLE_IDENTIFIER = com.macllm.app;
				PRODUCT_NAME = "$(TARGET_NAME)";
				SWIFT_EMIT_LOC_STRINGS = YES;
				SWIFT_VERSION = 5.0;
				ARCHS = arm64;
				EXCLUDED_ARCHS = x86_64;
			};
			name = Release;
		};
/* End XCBuildConfiguration section */

/* Begin XCConfigurationList section */
		C1D2E3F4A5B60718293A4B5 /* Build configuration list for PBXProject "MacLLM" */ = {
			isa = XCConfigurationList;
			buildConfigurations = (
				E9F0A1B2C3D4E5F6A7B8C9D0 /* Debug */,
				F0A1B2C3D4E5F6A7B8C9D0E1 /* Release */,
			);
			defaultConfigurationIsVisible = 0;
			defaultConfigurationName = Release;
		};
		D7E8F9A0B1C2D3E4F5A6B7C8 /* Build configuration list for PBXNativeTarget "MacLLM" */ = {
			isa = XCConfigurationList;
			buildConfigurations = (
				A1B2C3D4E5F6A7B8C9D0E1F2 /* Debug */,
				B2C3D4E5F6A7B8C9D0E1F2A3B4 /* Release */,
			);
			defaultConfigurationIsVisible = 0;
			defaultConfigurationName = Release;
		};
/* End XCConfigurationList section */
	};
	rootObject = B0C1D2E3F4A5061728394A5 /* Project object */;
}
